
Microsoft Visual Studio Solution File, Format Version 12.00
Project("{2150E333-8FDC-42A3-9474-1A3956D46DE8}") = "src", "src", "{326998A3-E64E-4CB5-9D10-CB5691D6EBB2}"
EndProject
Project("{FAE04EC0-301F-11D3-BF4B-00C04F79EFBC}") = "Presentation", "src\Presentation\Presentation.csproj", "{30699C26-3E4C-4395-9B20-E141439025F1}"
EndProject
Project("{FAE04EC0-301F-11D3-BF4B-00C04F79EFBC}") = "Application", "src\Application\Application.csproj", "{84F55443-1C40-4AEA-8CB6-DC11E60C9687}"
EndProject
Project("{FAE04EC0-301F-11D3-BF4B-00C04F79EFBC}") = "Domain", "src\Domain\Domain.csproj", "{E4845C65-AE47-4978-B648-A2A1F1F0C12B}"
EndProject
Project("{FAE04EC0-301F-11D3-BF4B-00C04F79EFBC}") = "Infrastructure", "src\Infrastructure\Infrastructure.csproj", "{C5AB73D0-9E98-443B-A75A-B765CF1B894D}"
EndProject
Project("{FAE04EC0-301F-11D3-BF4B-00C04F79EFBC}") = "Contracts", "src\Contracts\Contracts.csproj", "{E3F86FE5-29C3-4369-BD55-1E8B5A007EA9}"
EndProject
Project("{2150E333-8FDC-42A3-9474-1A3956D46DE8}") = "tests", "tests", "{21E2FF29-C728-4643-8043-D653B4FC1506}"
EndProject
Project("{FAE04EC0-301F-11D3-BF4B-00C04F79EFBC}") = "Application.UnitTests", "tests\Application.UnitTests\Application.UnitTests.csproj", "{0A53B89A-3A39-450D-AFF1-47A4B8017D6C}"
EndProject
Global
	GlobalSection(SolutionConfigurationPlatforms) = preSolution
		Debug|Any CPU = Debug|Any CPU
		Release|Any CPU = Release|Any CPU
	EndGlobalSection
	GlobalSection(ProjectConfigurationPlatforms) = postSolution
		{30699C26-3E4C-4395-9B20-E141439025F1}.Debug|Any CPU.ActiveCfg = Debug|Any CPU
		{30699C26-3E4C-4395-9B20-E141439025F1}.Debug|Any CPU.Build.0 = Debug|Any CPU
		{30699C26-3E4C-4395-9B20-E141439025F1}.Release|Any CPU.ActiveCfg = Release|Any CPU
		{30699C26-3E4C-4395-9B20-E141439025F1}.Release|Any CPU.Build.0 = Release|Any CPU
		{84F55443-1C40-4AEA-8CB6-DC11E60C9687}.Debug|Any CPU.ActiveCfg = Debug|Any CPU
		{84F55443-1C40-4AEA-8CB6-DC11E60C9687}.Debug|Any CPU.Build.0 = Debug|Any CPU
		{84F55443-1C40-4AEA-8CB6-DC11E60C9687}.Release|Any CPU.ActiveCfg = Release|Any CPU
		{84F55443-1C40-4AEA-8CB6-DC11E60C9687}.Release|Any CPU.Build.0 = Release|Any CPU
		{E4845C65-AE47-4978-B648-A2A1F1F0C12B}.Debug|Any CPU.ActiveCfg = Debug|Any CPU
		{E4845C65-AE47-4978-B648-A2A1F1F0C12B}.Debug|Any CPU.Build.0 = Debug|Any CPU
		{E4845C65-AE47-4978-B648-A2A1F1F0C12B}.Release|Any CPU.ActiveCfg = Release|Any CPU
		{E4845C65-AE47-4978-B648-A2A1F1F0C12B}.Release|Any CPU.Build.0 = Release|Any CPU
		{C5AB73D0-9E98-443B-A75A-B765CF1B894D}.Debug|Any CPU.ActiveCfg = Debug|Any CPU
		{C5AB73D0-9E98-443B-A75A-B765CF1B894D}.Debug|Any CPU.Build.0 = Debug|Any CPU
		{C5AB73D0-9E98-443B-A75A-B765CF1B894D}.Release|Any CPU.ActiveCfg = Release|Any CPU
		{C5AB73D0-9E98-443B-A75A-B765CF1B894D}.Release|Any CPU.Build.0 = Release|Any CPU
		{E3F86FE5-29C3-4369-BD55-1E8B5A007EA9}.Debug|Any CPU.ActiveCfg = Debug|Any CPU
		{E3F86FE5-29C3-4369-BD55-1E8B5A007EA9}.Debug|Any CPU.Build.0 = Debug|Any CPU
		{E3F86FE5-29C3-4369-BD55-1E8B5A007EA9}.Release|Any CPU.ActiveCfg = Release|Any CPU
		{E3F86FE5-29C3-4369-BD55-1E8B5A007EA9}.Release|Any CPU.Build.0 = Release|Any CPU
		{0A53B89A-3A39-450D-AFF1-47A4B8017D6C}.Debug|Any CPU.ActiveCfg = Debug|Any CPU
		{0A53B89A-3A39-450D-AFF1-47A4B8017D6C}.Debug|Any CPU.Build.0 = Debug|Any CPU
		{0A53B89A-3A39-450D-AFF1-47A4B8017D6C}.Release|Any CPU.ActiveCfg = Release|Any CPU
		{0A53B89A-3A39-450D-AFF1-47A4B8017D6C}.Release|Any CPU.Build.0 = Release|Any CPU
	EndGlobalSection
	GlobalSection(NestedProjects) = preSolution
		{30699C26-3E4C-4395-9B20-E141439025F1} = {326998A3-E64E-4CB5-9D10-CB5691D6EBB2}
		{84F55443-1C40-4AEA-8CB6-DC11E60C9687} = {326998A3-E64E-4CB5-9D10-CB5691D6EBB2}
		{E4845C65-AE47-4978-B648-A2A1F1F0C12B} = {326998A3-E64E-4CB5-9D10-CB5691D6EBB2}
		{C5AB73D0-9E98-443B-A75A-B765CF1B894D} = {326998A3-E64E-4CB5-9D10-CB5691D6EBB2}
		{E3F86FE5-29C3-4369-BD55-1E8B5A007EA9} = {326998A3-E64E-4CB5-9D10-CB5691D6EBB2}
		{0A53B89A-3A39-450D-AFF1-47A4B8017D6C} = {21E2FF29-C728-4643-8043-D653B4FC1506}
	EndGlobalSection
EndGlobal
